// !$*UTF8*$!
{
	archiveVersion = 1;
	classes = {
	};
	objectVersion = 46;
	objects = {

/* Begin PBXBuildFile section */
		82AF5BBB19C287CE000C1545 /* entity.cpp in Sources */ = {isa = PBXBuildFile; fileRef = 82AF5BB919C287CE000C1545 /* entity.cpp */; };
		82AF5BBE19C2884D000C1545 /* player.cpp in Sources */ = {isa = PBXBuildFile; fileRef = 82AF5BBC19C2884D000C1545 /* player.cpp */; };
		82AF5BC219C29FF2000C1545 /* shader.frag in CopyFiles */ = {isa = PBXBuildFile; fileRef = 82AF5BC019C29FE5000C1545 /* shader.frag */; };
		82AF5BC319C29FF2000C1545 /* shader.vert in CopyFiles */ = {isa = PBXBuildFile; fileRef = 82AF5BC119C29FE5000C1545 /* shader.vert */; };
		82CA18C719C8084F003392DA /* block.cpp in Sources */ = {isa = PBXBuildFile; fileRef = 82CA18C519C8084F003392DA /* block.cpp */; };
		82CA18CA19C80878003392DA /* air_block.cpp in Sources */ = {isa = PBXBuildFile; fileRef = 82CA18C819C80878003392DA /* air_block.cpp */; };
		82CA18D519C80B8D003392DA /* dirt_block.cpp in Sources */ = {isa = PBXBuildFile; fileRef = 82CA18D119C80B8D003392DA /* dirt_block.cpp */; };
		82CA18D619C80B8D003392DA /* stone_block.cpp in Sources */ = {isa = PBXBuildFile; fileRef = 82CA18D319C80B8D003392DA /* stone_block.cpp */; };
		82EDA3B219C152A000AADFC8 /* main.cpp in Sources */ = {isa = PBXBuildFile; fileRef = 82EDA3B119C152A000AADFC8 /* main.cpp */; };
		82EDA3B419C1555800AADFC8 /* OpenGL.framework in Frameworks */ = {isa = PBXBuildFile; fileRef = 82EDA3B319C1555800AADFC8 /* OpenGL.framework */; };
		82EDA3B719C1557A00AADFC8 /* SDL2_image.framework in Frameworks */ = {isa = PBXBuildFile; fileRef = 82EDA3B519C1557A00AADFC8 /* SDL2_image.framework */; };
		82EDA3B819C1557A00AADFC8 /* SDL2.framework in Frameworks */ = {isa = PBXBuildFile; fileRef = 82EDA3B619C1557A00AADFC8 /* SDL2.framework */; };
		82EDA3BB19C1559200AADFC8 /* game.cpp in Sources */ = {isa = PBXBuildFile; fileRef = 82EDA3B919C1559200AADFC8 /* game.cpp */; };
		82EDA3BF19C1561C00AADFC8 /* screen.cpp in Sources */ = {isa = PBXBuildFile; fileRef = 82EDA3BD19C1561C00AADFC8 /* screen.cpp */; };
		82EDA3C219C1586E00AADFC8 /* input.cpp in Sources */ = {isa = PBXBuildFile; fileRef = 82EDA3C019C1586E00AADFC8 /* input.cpp */; };
		82EDA3C719C15A8B00AADFC8 /* shader.cpp in Sources */ = {isa = PBXBuildFile; fileRef = 82EDA3C319C15A8B00AADFC8 /* shader.cpp */; };
		82EDA3C819C15A8B00AADFC8 /* texture.cpp in Sources */ = {isa = PBXBuildFile; fileRef = 82EDA3C519C15A8B00AADFC8 /* texture.cpp */; };
		82EDA3CF19C15DFA00AADFC8 /* level.cpp in Sources */ = {isa = PBXBuildFile; fileRef = 82EDA3CD19C15DFA00AADFC8 /* level.cpp */; };
		82EDA3D219C15EA700AADFC8 /* vertexarray.cpp in Sources */ = {isa = PBXBuildFile; fileRef = 82EDA3D019C15EA700AADFC8 /* vertexarray.cpp */; };
/* End PBXBuildFile section */

/* Begin PBXCopyFilesBuildPhase section */
		82EDA3A419C151E400AADFC8 /* CopyFiles */ = {
			isa = PBXCopyFilesBuildPhase;
			buildActionMask = 12;
			dstPath = shaders;
			dstSubfolderSpec = 16;
			files = (
				82AF5BC219C29FF2000C1545 /* shader.frag in CopyFiles */,
				82AF5BC319C29FF2000C1545 /* shader.vert in CopyFiles */,
			);
			runOnlyForDeploymentPostprocessing = 0;
		};
/* End PBXCopyFilesBuildPhase section */

/* Begin PBXFileReference section */
		82AF5BB919C287CE000C1545 /* entity.cpp */ = {isa = PBXFileReference; fileEncoding = 4; lastKnownFileType = sourcecode.cpp.cpp; path = entity.cpp; sourceTree = "<group>"; };
		82AF5BBA19C287CE000C1545 /* entity.h */ = {isa = PBXFileReference; fileEncoding = 4; lastKnownFileType = sourcecode.c.h; path = entity.h; sourceTree = "<group>"; };
		82AF5BBC19C2884D000C1545 /* player.cpp */ = {isa = PBXFileReference; fileEncoding = 4; lastKnownFileType = sourcecode.cpp.cpp; path = player.cpp; sourceTree = "<group>"; };
		82AF5BBD19C2884D000C1545 /* player.h */ = {isa = PBXFileReference; fileEncoding = 4; lastKnownFileType = sourcecode.c.h; path = player.h; sourceTree = "<group>"; };
		82AF5BC019C29FE5000C1545 /* shader.frag */ = {isa = PBXFileReference; fileEncoding = 4; lastKnownFileType = sourcecode.glsl; path = shader.frag; sourceTree = "<group>"; };
		82AF5BC119C29FE5000C1545 /* shader.vert */ = {isa = PBXFileReference; fileEncoding = 4; lastKnownFileType = sourcecode.glsl; path = shader.vert; sourceTree = "<group>"; };
		82CA18C519C8084F003392DA /* block.cpp */ = {isa = PBXFileReference; fileEncoding = 4; lastKnownFileType = sourcecode.cpp.cpp; path = block.cpp; sourceTree = "<group>"; };
		82CA18C619C8084F003392DA /* block.h */ = {isa = PBXFileReference; fileEncoding = 4; lastKnownFileType = sourcecode.c.h; path = block.h; sourceTree = "<group>"; };
		82CA18C819C80878003392DA /* air_block.cpp */ = {isa = PBXFileReference; fileEncoding = 4; lastKnownFileType = sourcecode.cpp.cpp; path = air_block.cpp; sourceTree = "<group>"; };
		82CA18C919C80878003392DA /* air_block.h */ = {isa = PBXFileReference; fileEncoding = 4; lastKnownFileType = sourcecode.c.h; path = air_block.h; sourceTree = "<group>"; };
		82CA18D119C80B8D003392DA /* dirt_block.cpp */ = {isa = PBXFileReference; fileEncoding = 4; lastKnownFileType = sourcecode.cpp.cpp; path = dirt_block.cpp; sourceTree = "<group>"; };
		82CA18D219C80B8D003392DA /* dirt_block.h */ = {isa = PBXFileReference; fileEncoding = 4; lastKnownFileType = sourcecode.c.h; path = dirt_block.h; sourceTree = "<group>"; };
		82CA18D319C80B8D003392DA /* stone_block.cpp */ = {isa = PBXFileReference; fileEncoding = 4; lastKnownFileType = sourcecode.cpp.cpp; path = stone_block.cpp; sourceTree = "<group>"; };
		82CA18D419C80B8D003392DA /* stone_block.h */ = {isa = PBXFileReference; fileEncoding = 4; lastKnownFileType = sourcecode.c.h; path = stone_block.h; sourceTree = "<group>"; };
		82EDA3A619C151E400AADFC8 /* ChernoCraft */ = {isa = PBXFileReference; explicitFileType = "compiled.mach-o.executable"; includeInIndex = 0; path = ChernoCraft; sourceTree = BUILT_PRODUCTS_DIR; };
		82EDA3B119C152A000AADFC8 /* main.cpp */ = {isa = PBXFileReference; fileEncoding = 4; lastKnownFileType = sourcecode.cpp.cpp; path = main.cpp; sourceTree = "<group>"; };
		82EDA3B319C1555800AADFC8 /* OpenGL.framework */ = {isa = PBXFileReference; lastKnownFileType = wrapper.framework; name = OpenGL.framework; path = System/Library/Frameworks/OpenGL.framework; sourceTree = SDKROOT; };
		82EDA3B519C1557A00AADFC8 /* SDL2_image.framework */ = {isa = PBXFileReference; lastKnownFileType = wrapper.framework; name = SDL2_image.framework; path = ../../../../../../../../Library/Frameworks/SDL2_image.framework; sourceTree = "<group>"; };
		82EDA3B619C1557A00AADFC8 /* SDL2.framework */ = {isa = PBXFileReference; lastKnownFileType = wrapper.framework; name = SDL2.framework; path = ../../../../../../../../Library/Frameworks/SDL2.framework; sourceTree = "<group>"; };
		82EDA3B919C1559200AADFC8 /* game.cpp */ = {isa = PBXFileReference; fileEncoding = 4; lastKnownFileType = sourcecode.cpp.cpp; path = game.cpp; sourceTree = "<group>"; };
		82EDA3BA19C1559200AADFC8 /* game.h */ = {isa = PBXFileReference; fileEncoding = 4; lastKnownFileType = sourcecode.c.h; path = game.h; sourceTree = "<group>"; };
		82EDA3BD19C1561C00AADFC8 /* screen.cpp */ = {isa = PBXFileReference; fileEncoding = 4; lastKnownFileType = sourcecode.cpp.cpp; path = screen.cpp; sourceTree = "<group>"; };
		82EDA3BE19C1561C00AADFC8 /* screen.h */ = {isa = PBXFileReference; fileEncoding = 4; lastKnownFileType = sourcecode.c.h; path = screen.h; sourceTree = "<group>"; };
		82EDA3C019C1586E00AADFC8 /* input.cpp */ = {isa = PBXFileReference; fileEncoding = 4; lastKnownFileType = sourcecode.cpp.cpp; path = input.cpp; sourceTree = "<group>"; };
		82EDA3C119C1586E00AADFC8 /* input.h */ = {isa = PBXFileReference; fileEncoding = 4; lastKnownFileType = sourcecode.c.h; path = input.h; sourceTree = "<group>"; };
		82EDA3C319C15A8B00AADFC8 /* shader.cpp */ = {isa = PBXFileReference; fileEncoding = 4; lastKnownFileType = sourcecode.cpp.cpp; path = shader.cpp; sourceTree = "<group>"; };
		82EDA3C419C15A8B00AADFC8 /* shader.h */ = {isa = PBXFileReference; fileEncoding = 4; lastKnownFileType = sourcecode.c.h; path = shader.h; sourceTree = "<group>"; };
		82EDA3C519C15A8B00AADFC8 /* texture.cpp */ = {isa = PBXFileReference; fileEncoding = 4; lastKnownFileType = sourcecode.cpp.cpp; path = texture.cpp; sourceTree = "<group>"; };
		82EDA3C619C15A8B00AADFC8 /* texture.h */ = {isa = PBXFileReference; fileEncoding = 4; lastKnownFileType = sourcecode.c.h; path = texture.h; sourceTree = "<group>"; };
		82EDA3CA19C15B3500AADFC8 /* fileutils.h */ = {isa = PBXFileReference; fileEncoding = 4; lastKnownFileType = sourcecode.c.h; path = fileutils.h; sourceTree = "<group>"; };
		82EDA3CB19C15B3500AADFC8 /* glm.h */ = {isa = PBXFileReference; fileEncoding = 4; lastKnownFileType = sourcecode.c.h; path = glm.h; sourceTree = "<group>"; };
		82EDA3CD19C15DFA00AADFC8 /* level.cpp */ = {isa = PBXFileReference; fileEncoding = 4; lastKnownFileType = sourcecode.cpp.cpp; path = level.cpp; sourceTree = "<group>"; };
		82EDA3CE19C15DFA00AADFC8 /* level.h */ = {isa = PBXFileReference; fileEncoding = 4; lastKnownFileType = sourcecode.c.h; path = level.h; sourceTree = "<group>"; };
		82EDA3D019C15EA700AADFC8 /* vertexarray.cpp */ = {isa = PBXFileReference; fileEncoding = 4; lastKnownFileType = sourcecode.cpp.cpp; path = vertexarray.cpp; sourceTree = "<group>"; };
		82EDA3D119C15EA700AADFC8 /* vertexarray.h */ = {isa = PBXFileReference; fileEncoding = 4; lastKnownFileType = sourcecode.c.h; path = vertexarray.h; sourceTree = "<group>"; };
/* End PBXFileReference section */

/* Begin PBXFrameworksBuildPhase section */
		82EDA3A319C151E400AADFC8 /* Frameworks */ = {
			isa = PBXFrameworksBuildPhase;
			buildActionMask = 2147483647;
			files = (
				82EDA3B719C1557A00AADFC8 /* SDL2_image.framework in Frameworks */,
				82EDA3B819C1557A00AADFC8 /* SDL2.framework in Frameworks */,
				82EDA3B419C1555800AADFC8 /* OpenGL.framework in Frameworks */,
			);
			runOnlyForDeploymentPostprocessing = 0;
		};
/* End PBXFrameworksBuildPhase section */

/* Begin PBXGroup section */
		82AF5BB819C287CE000C1545 /* entity */ = {
			isa = PBXGroup;
			children = (
				82AF5BB919C287CE000C1545 /* entity.cpp */,
				82AF5BBA19C287CE000C1545 /* entity.h */,
				82AF5BBC19C2884D000C1545 /* player.cpp */,
				82AF5BBD19C2884D000C1545 /* player.h */,
			);
			path = entity;
			sourceTree = "<group>";
		};
		82AF5BBF19C29FE5000C1545 /* shaders */ = {
			isa = PBXGroup;
			children = (
				82AF5BC019C29FE5000C1545 /* shader.frag */,
				82AF5BC119C29FE5000C1545 /* shader.vert */,
			);
			path = shaders;
			sourceTree = "<group>";
		};
		82CA18C419C8084F003392DA /* block */ = {
			isa = PBXGroup;
			children = (
				82CA18D119C80B8D003392DA /* dirt_block.cpp */,
				82CA18D219C80B8D003392DA /* dirt_block.h */,
				82CA18D319C80B8D003392DA /* stone_block.cpp */,
				82CA18D419C80B8D003392DA /* stone_block.h */,
				82CA18C819C80878003392DA /* air_block.cpp */,
				82CA18C919C80878003392DA /* air_block.h */,
				82CA18C519C8084F003392DA /* block.cpp */,
				82CA18C619C8084F003392DA /* block.h */,
			);
			path = block;
			sourceTree = "<group>";
		};
		82EDA39D19C151E400AADFC8 = {
			isa = PBXGroup;
			children = (
				82AF5BBF19C29FE5000C1545 /* shaders */,
				82EDA3B519C1557A00AADFC8 /* SDL2_image.framework */,
				82EDA3B619C1557A00AADFC8 /* SDL2.framework */,
				82EDA3B319C1555800AADFC8 /* OpenGL.framework */,
				82EDA3B019C152A000AADFC8 /* src */,
				82EDA3A719C151E400AADFC8 /* Products */,
			);
			sourceTree = "<group>";
		};
		82EDA3A719C151E400AADFC8 /* Products */ = {
			isa = PBXGroup;
			children = (
				82EDA3A619C151E400AADFC8 /* ChernoCraft */,
			);
			name = Products;
			sourceTree = "<group>";
		};
		82EDA3B019C152A000AADFC8 /* src */ = {
			isa = PBXGroup;
			children = (
				82AF5BB819C287CE000C1545 /* entity */,
				82EDA3CC19C15DFA00AADFC8 /* level */,
				82EDA3C919C15B3500AADFC8 /* utils */,
				82EDA3C019C1586E00AADFC8 /* input.cpp */,
				82EDA3C119C1586E00AADFC8 /* input.h */,
				82EDA3BC19C1561C00AADFC8 /* graphics */,
				82EDA3B119C152A000AADFC8 /* main.cpp */,
				82EDA3B919C1559200AADFC8 /* game.cpp */,
				82EDA3BA19C1559200AADFC8 /* game.h */,
			);
			path = src;
			sourceTree = "<group>";
		};
		82EDA3BC19C1561C00AADFC8 /* graphics */ = {
			isa = PBXGroup;
			children = (
				82EDA3D019C15EA700AADFC8 /* vertexarray.cpp */,
				82EDA3D119C15EA700AADFC8 /* vertexarray.h */,
				82EDA3C319C15A8B00AADFC8 /* shader.cpp */,
				82EDA3C419C15A8B00AADFC8 /* shader.h */,
				82EDA3C519C15A8B00AADFC8 /* texture.cpp */,
				82EDA3C619C15A8B00AADFC8 /* texture.h */,
				82EDA3BD19C1561C00AADFC8 /* screen.cpp */,
				82EDA3BE19C1561C00AADFC8 /* screen.h */,
			);
			path = graphics;
			sourceTree = "<group>";
		};
		82EDA3C919C15B3500AADFC8 /* utils */ = {
			isa = PBXGroup;
			children = (
				82EDA3CA19C15B3500AADFC8 /* fileutils.h */,
				82EDA3CB19C15B3500AADFC8 /* glm.h */,
			);
			path = utils;
			sourceTree = "<group>";
		};
		82EDA3CC19C15DFA00AADFC8 /* level */ = {
			isa = PBXGroup;
			children = (
				82CA18C419C8084F003392DA /* block */,
				82EDA3CD19C15DFA00AADFC8 /* level.cpp */,
				82EDA3CE19C15DFA00AADFC8 /* level.h */,
			);
			path = level;
			sourceTree = "<group>";
		};
/* End PBXGroup section */

/* Begin PBXNativeTarget section */
		82EDA3A519C151E400AADFC8 /* ChernoCraft */ = {
			isa = PBXNativeTarget;
			buildConfigurationList = 82EDA3AD19C151E400AADFC8 /* Build configuration list for PBXNativeTarget "ChernoCraft" */;
			buildPhases = (
				82EDA3A219C151E400AADFC8 /* Sources */,
				82EDA3A319C151E400AADFC8 /* Frameworks */,
				82EDA3A419C151E400AADFC8 /* CopyFiles */,
			);
			buildRules = (
			);
			dependencies = (
			);
			name = ChernoCraft;
			productName = ChernoCraft;
			productReference = 82EDA3A619C151E400AADFC8 /* ChernoCraft */;
			productType = "com.apple.product-type.tool";
		};
/* End PBXNativeTarget section */

/* Begin PBXProject section */
		82EDA39E19C151E400AADFC8 /* Project object */ = {
			isa = PBXProject;
			attributes = {
				LastUpgradeCheck = 0600;
				ORGANIZATIONNAME = "Yan Chernikov";
				TargetAttributes = {
					82EDA3A519C151E400AADFC8 = {
						CreatedOnToolsVersion = 6.0;
					};
				};
			};
			buildConfigurationList = 82EDA3A119C151E400AADFC8 /* Build configuration list for PBXProject "ChernoCraft" */;
			compatibilityVersion = "Xcode 3.2";
			developmentRegion = English;
			hasScannedForEncodings = 0;
			knownRegions = (
				en,
			);
			mainGroup = 82EDA39D19C151E400AADFC8;
			productRefGroup = 82EDA3A719C151E400AADFC8 /* Products */;
			projectDirPath = "";
			projectRoot = "";
			targets = (
				82EDA3A519C151E400AADFC8 /* ChernoCraft */,
			);
		};
/* End PBXProject section */

/* Begin PBXSourcesBuildPhase section */
		82EDA3A219C151E400AADFC8 /* Sources */ = {
			isa = PBXSourcesBuildPhase;
			buildActionMask = 2147483647;
			files = (
				82AF5BBB19C287CE000C1545 /* entity.cpp in Sources */,
				82EDA3CF19C15DFA00AADFC8 /* level.cpp in Sources */,
				82EDA3C719C15A8B00AADFC8 /* shader.cpp in Sources */,
				82AF5BBE19C2884D000C1545 /* player.cpp in Sources */,
				82EDA3B219C152A000AADFC8 /* main.cpp in Sources */,
				82EDA3BF19C1561C00AADFC8 /* screen.cpp in Sources */,
				82EDA3C819C15A8B00AADFC8 /* texture.cpp in Sources */,
				82CA18C719C8084F003392DA /* block.cpp in Sources */,
				82CA18CA19C80878003392DA /* air_block.cpp in Sources */,
				82EDA3D219C15EA700AADFC8 /* vertexarray.cpp in Sources */,
				82EDA3C219C1586E00AADFC8 /* input.cpp in Sources */,
				82CA18D519C80B8D003392DA /* dirt_block.cpp in Sources */,
				82EDA3BB19C1559200AADFC8 /* game.cpp in Sources */,
				82CA18D619C80B8D003392DA /* stone_block.cpp in Sources */,
			);
			runOnlyForDeploymentPostprocessing = 0;
		};
/* End PBXSourcesBuildPhase section */

/* Begin XCBuildConfiguration section */
		82EDA3AB19C151E400AADFC8 /* Debug */ = {
			isa = XCBuildConfiguration;
			buildSettings = {
				ALWAYS_SEARCH_USER_PATHS = NO;
				CLANG_CXX_LANGUAGE_STANDARD = "gnu++0x";
				CLANG_CXX_LIBRARY = "libc++";
				CLANG_ENABLE_MODULES = YES;
				CLANG_ENABLE_OBJC_ARC = YES;
				CLANG_WARN_BOOL_CONVERSION = YES;
				CLANG_WARN_CONSTANT_CONVERSION = YES;
				CLANG_WARN_DIRECT_OBJC_ISA_USAGE = YES_ERROR;
				CLANG_WARN_EMPTY_BODY = YES;
				CLANG_WARN_ENUM_CONVERSION = YES;
				CLANG_WARN_INT_CONVERSION = YES;
				CLANG_WARN_OBJC_ROOT_CLASS = YES_ERROR;
				CLANG_WARN_UNREACHABLE_CODE = YES;
				CLANG_WARN__DUPLICATE_METHOD_MATCH = YES;
				COPY_PHASE_STRIP = NO;
				ENABLE_STRICT_OBJC_MSGSEND = YES;
				GCC_C_LANGUAGE_STANDARD = gnu99;
				GCC_DYNAMIC_NO_PIC = NO;
				GCC_OPTIMIZATION_LEVEL = 0;
				GCC_PREPROCESSOR_DEFINITIONS = (
					"DEBUG=1",
					"$(inherited)",
				);
				GCC_SYMBOLS_PRIVATE_EXTERN = NO;
				GCC_WARN_64_TO_32_BIT_CONVERSION = YES;
				GCC_WARN_ABOUT_RETURN_TYPE = YES_ERROR;
				GCC_WARN_UNDECLARED_SELECTOR = YES;
				GCC_WARN_UNINITIALIZED_AUTOS = YES_AGGRESSIVE;
				GCC_WARN_UNUSED_FUNCTION = YES;
				GCC_WARN_UNUSED_VARIABLE = YES;
				MACOSX_DEPLOYMENT_TARGET = 10.10;
				MTL_ENABLE_DEBUG_INFO = YES;
				ONLY_ACTIVE_ARCH = YES;
				SDKROOT = macosx;
			};
			name = Debug;
		};
		82EDA3AC19C151E400AADFC8 /* Release */ = {
			isa = XCBuildConfiguration;
			buildSettings = {
				ALWAYS_SEARCH_USER_PATHS = NO;
				CLANG_CXX_LANGUAGE_STANDARD = "gnu++0x";
				CLANG_CXX_LIBRARY = "libc++";
				CLANG_ENABLE_MODULES = YES;
				CLANG_ENABLE_OBJC_ARC = YES;
				CLANG_WARN_BOOL_CONVERSION = YES;
				CLANG_WARN_CONSTANT_CONVERSION = YES;
				CLANG_WARN_DIRECT_OBJC_ISA_USAGE = YES_ERROR;
				CLANG_WARN_EMPTY_BODY = YES;
				CLANG_WARN_ENUM_CONVERSION = YES;
				CLANG_WARN_INT_CONVERSION = YES;
				CLANG_WARN_OBJC_ROOT_CLASS = YES_ERROR;
				CLANG_WARN_UNREACHABLE_CODE = YES;
				CLANG_WARN__DUPLICATE_METHOD_MATCH = YES;
				COPY_PHASE_STRIP = YES;
				DEBUG_INFORMATION_FORMAT = "dwarf-with-dsym";
				ENABLE_NS_ASSERTIONS = NO;
				ENABLE_STRICT_OBJC_MSGSEND = YES;
				GCC_C_LANGUAGE_STANDARD = gnu99;
				GCC_WARN_64_TO_32_BIT_CONVERSION = YES;
				GCC_WARN_ABOUT_RETURN_TYPE = YES_ERROR;
				GCC_WARN_UNDECLARED_SELECTOR = YES;
				GCC_WARN_UNINITIALIZED_AUTOS = YES_AGGRESSIVE;
				GCC_WARN_UNUSED_FUNCTION = YES;
				GCC_WARN_UNUSED_VARIABLE = YES;
				MACOSX_DEPLOYMENT_TARGET = 10.10;
				MTL_ENABLE_DEBUG_INFO = NO;
				SDKROOT = macosx;
			};
			name = Release;
		};
		82EDA3AE19C151E400AADFC8 /* Debug */ = {
			isa = XCBuildConfiguration;
			buildSettings = {
				FRAMEWORK_SEARCH_PATHS = (
					"$(inherited)",
					"$(LOCAL_LIBRARY_DIR)/Frameworks",
				);
				HEADER_SEARCH_PATHS = (
					"$(inherited)",
					"/Applications/Xcode6-Beta7.app/Contents/Developer/Toolchains/XcodeDefault.xctoolchain/usr/include",
					/usr/local/include,
				);
				MACOSX_DEPLOYMENT_TARGET = 10.9;
				PRODUCT_NAME = "$(TARGET_NAME)";
			};
			name = Debug;
		};
		82EDA3AF19C151E400AADFC8 /* Release */ = {
			isa = XCBuildConfiguration;
			buildSettings = {
				FRAMEWORK_SEARCH_PATHS = (
					"$(inherited)",
					"$(LOCAL_LIBRARY_DIR)/Frameworks",
				);
				HEADER_SEARCH_PATHS = (
					"$(inherited)",
					"/Applications/Xcode6-Beta7.app/Contents/Developer/Toolchains/XcodeDefault.xctoolchain/usr/include",
					/usr/local/include,
				);
				MACOSX_DEPLOYMENT_TARGET = 10.9;
				PRODUCT_NAME = "$(TARGET_NAME)";
			};
			name = Release;
		};
/* End XCBuildConfiguration section */

/* Begin XCConfigurationList section */
		82EDA3A119C151E400AADFC8 /* Build configuration list for PBXProject "ChernoCraft" */ = {
			isa = XCConfigurationList;
			buildConfigurations = (
				82EDA3AB19C151E400AADFC8 /* Debug */,
				82EDA3AC19C151E400AADFC8 /* Release */,
			);
			defaultConfigurationIsVisible = 0;
			defaultConfigurationName = Release;
		};
		82EDA3AD19C151E400AADFC8 /* Build configuration list for PBXNativeTarget "ChernoCraft" */ = {
			isa = XCConfigurationList;
			buildConfigurations = (
				82EDA3AE19C151E400AADFC8 /* Debug */,
				82EDA3AF19C151E400AADFC8 /* Release */,
			);
			defaultConfigurationIsVisible = 0;
			defaultConfigurationName = Release;
		};
/* End XCConfigurationList section */
	};
	rootObject = 82EDA39E19C151E400AADFC8 /* Project object */;
}
